
Microsoft Visual Studio Solution File, Format Version 12.00
# Visual Studio Version 17
VisualStudioVersion = 17.0.31717.71
MinimumVisualStudioVersion = 10.0.40219.1
Project("{FAE04EC0-301F-11D3-BF4B-00C04F79EFBC}") = "SerilogExample", "SerilogExample\SerilogExample.csproj", "{812D3427-3229-48B9-8002-1F116B54B0DB}"
EndProject
Global
	GlobalSection(SolutionConfigurationPlatforms) = preSolution
		Debug|Any CPU = Debug|Any CPU
		Release|Any CPU = Release|Any CPU
	EndGlobalSection
	GlobalSection(ProjectConfigurationPlatforms) = postSolution
		{812D3427-3229-48B9-8002-1F116B54B0DB}.Debug|Any CPU.ActiveCfg = Debug|Any CPU
		{812D3427-3229-48B9-8002-1F116B54B0DB}.Debug|Any CPU.Build.0 = Debug|Any CPU
		{812D3427-3229-48B9-8002-1F116B54B0DB}.Release|Any CPU.ActiveCfg = Release|Any CPU
		{812D3427-3229-48B9-8002-1F116B54B0DB}.Release|Any CPU.Build.0 = Release|Any CPU
	EndGlobalSection
	GlobalSection(SolutionProperties) = preSolution
		HideSolutionNode = FALSE
	EndGlobalSection
	GlobalSection(ExtensibilityGlobals) = postSolution
		SolutionGuid = {3A1A18B7-B0D2-4776-9E41-6867F2C82E65}
	EndGlobalSection
EndGlobal
